// !$*UTF8*$!
{
	archiveVersion = 1;
	classes = {
	};
	objectVersion = 48;
	objects = {

/* Begin PBXBuildFile section */
		1D5CF225242595260015671E /* PlantInfoViewController.swift in Sources */ = {isa = PBXBuildFile; fileRef = 1D5CF224242595260015671E /* PlantInfoViewController.swift */; };
		CC0C2DD42422D4F800392699 /* ARItem.swift in Sources */ = {isa = PBXBuildFile; fileRef = CC0C2DD32422D4F800392699 /* ARItem.swift */; };
		CC0C2DD62422D50C00392699 /* MapAnnotation.swift in Sources */ = {isa = PBXBuildFile; fileRef = CC0C2DD52422D50C00392699 /* MapAnnotation.swift */; };
		CC0C2DD82422D53E00392699 /* MapViewController.swift in Sources */ = {isa = PBXBuildFile; fileRef = CC0C2DD72422D53E00392699 /* MapViewController.swift */; };
		CC67CFD623F1ED5700B6B6D5 /* AppDelegate.swift in Sources */ = {isa = PBXBuildFile; fileRef = CC67CFD523F1ED5700B6B6D5 /* AppDelegate.swift */; };
		CC67CFD823F1ED5700B6B6D5 /* art.scnassets in Resources */ = {isa = PBXBuildFile; fileRef = CC67CFD723F1ED5700B6B6D5 /* art.scnassets */; };
		CC67CFDA23F1ED5700B6B6D5 /* ViewController.swift in Sources */ = {isa = PBXBuildFile; fileRef = CC67CFD923F1ED5700B6B6D5 /* ViewController.swift */; };
		CC67CFDD23F1ED5700B6B6D5 /* Main.storyboard in Resources */ = {isa = PBXBuildFile; fileRef = CC67CFDB23F1ED5700B6B6D5 /* Main.storyboard */; };
		CC67CFDF23F1ED5700B6B6D5 /* Assets.xcassets in Resources */ = {isa = PBXBuildFile; fileRef = CC67CFDE23F1ED5700B6B6D5 /* Assets.xcassets */; };
		CC67CFE223F1ED5700B6B6D5 /* LaunchScreen.storyboard in Resources */ = {isa = PBXBuildFile; fileRef = CC67CFE023F1ED5700B6B6D5 /* LaunchScreen.storyboard */; };
		CC67CFEB23F1EDEF00B6B6D5 /* MapKit.framework in Frameworks */ = {isa = PBXBuildFile; fileRef = CC67CFEA23F1EDEF00B6B6D5 /* MapKit.framework */; };
/* End PBXBuildFile section */

/* Begin PBXFileReference section */
		1D5CF224242595260015671E /* PlantInfoViewController.swift */ = {isa = PBXFileReference; lastKnownFileType = sourcecode.swift; path = PlantInfoViewController.swift; sourceTree = "<group>"; };
		CC0C2DD32422D4F800392699 /* ARItem.swift */ = {isa = PBXFileReference; lastKnownFileType = sourcecode.swift; path = ARItem.swift; sourceTree = "<group>"; };
		CC0C2DD52422D50C00392699 /* MapAnnotation.swift */ = {isa = PBXFileReference; lastKnownFileType = sourcecode.swift; path = MapAnnotation.swift; sourceTree = "<group>"; };
		CC0C2DD72422D53E00392699 /* MapViewController.swift */ = {isa = PBXFileReference; lastKnownFileType = sourcecode.swift; path = MapViewController.swift; sourceTree = "<group>"; };
		CC67CFD223F1ED5600B6B6D5 /* CommunityGarden.app */ = {isa = PBXFileReference; explicitFileType = wrapper.application; includeInIndex = 0; path = CommunityGarden.app; sourceTree = BUILT_PRODUCTS_DIR; };
		CC67CFD523F1ED5700B6B6D5 /* AppDelegate.swift */ = {isa = PBXFileReference; lastKnownFileType = sourcecode.swift; path = AppDelegate.swift; sourceTree = "<group>"; };
		CC67CFD723F1ED5700B6B6D5 /* art.scnassets */ = {isa = PBXFileReference; lastKnownFileType = wrapper.scnassets; path = art.scnassets; sourceTree = "<group>"; };
		CC67CFD923F1ED5700B6B6D5 /* ViewController.swift */ = {isa = PBXFileReference; lastKnownFileType = sourcecode.swift; path = ViewController.swift; sourceTree = "<group>"; };
		CC67CFDC23F1ED5700B6B6D5 /* Base */ = {isa = PBXFileReference; lastKnownFileType = file.storyboard; name = Base; path = Base.lproj/Main.storyboard; sourceTree = "<group>"; };
		CC67CFDE23F1ED5700B6B6D5 /* Assets.xcassets */ = {isa = PBXFileReference; lastKnownFileType = folder.assetcatalog; path = Assets.xcassets; sourceTree = "<group>"; };
		CC67CFE123F1ED5700B6B6D5 /* Base */ = {isa = PBXFileReference; lastKnownFileType = file.storyboard; name = Base; path = Base.lproj/LaunchScreen.storyboard; sourceTree = "<group>"; };
		CC67CFE323F1ED5700B6B6D5 /* Info.plist */ = {isa = PBXFileReference; lastKnownFileType = text.plist.xml; path = Info.plist; sourceTree = "<group>"; };
		CC67CFEA23F1EDEF00B6B6D5 /* MapKit.framework */ = {isa = PBXFileReference; lastKnownFileType = wrapper.framework; name = MapKit.framework; path = System/Library/Frameworks/MapKit.framework; sourceTree = SDKROOT; };
/* End PBXFileReference section */

/* Begin PBXFrameworksBuildPhase section */
		CC67CFCF23F1ED5600B6B6D5 /* Frameworks */ = {
			isa = PBXFrameworksBuildPhase;
			buildActionMask = 2147483647;
			files = (
				CC67CFEB23F1EDEF00B6B6D5 /* MapKit.framework in Frameworks */,
			);
			runOnlyForDeploymentPostprocessing = 0;
		};
/* End PBXFrameworksBuildPhase section */

/* Begin PBXGroup section */
		CC67CFC923F1ED5600B6B6D5 = {
			isa = PBXGroup;
			children = (
				CC67CFD423F1ED5600B6B6D5 /* CommunityGarden */,
				CC67CFD323F1ED5600B6B6D5 /* Products */,
				CC67CFE923F1EDEF00B6B6D5 /* Frameworks */,
			);
			sourceTree = "<group>";
		};
		CC67CFD323F1ED5600B6B6D5 /* Products */ = {
			isa = PBXGroup;
			children = (
				CC67CFD223F1ED5600B6B6D5 /* CommunityGarden.app */,
			);
			name = Products;
			sourceTree = "<group>";
		};
		CC67CFD423F1ED5600B6B6D5 /* CommunityGarden */ = {
			isa = PBXGroup;
			children = (
				CC0C2DD32422D4F800392699 /* ARItem.swift */,
				CC0C2DD52422D50C00392699 /* MapAnnotation.swift */,
				CC67CFD523F1ED5700B6B6D5 /* AppDelegate.swift */,
				CC0C2DD72422D53E00392699 /* MapViewController.swift */,
				1D5CF224242595260015671E /* PlantInfoViewController.swift */,
				CC67CFD923F1ED5700B6B6D5 /* ViewController.swift */,
				CC67CFDB23F1ED5700B6B6D5 /* Main.storyboard */,
				CC67CFD723F1ED5700B6B6D5 /* art.scnassets */,
				CC67CFDE23F1ED5700B6B6D5 /* Assets.xcassets */,
				CC67CFE023F1ED5700B6B6D5 /* LaunchScreen.storyboard */,
				CC67CFE323F1ED5700B6B6D5 /* Info.plist */,
			);
			path = CommunityGarden;
			sourceTree = "<group>";
		};
		CC67CFE923F1EDEF00B6B6D5 /* Frameworks */ = {
			isa = PBXGroup;
			children = (
				CC67CFEA23F1EDEF00B6B6D5 /* MapKit.framework */,
			);
			name = Frameworks;
			sourceTree = "<group>";
		};
/* End PBXGroup section */

/* Begin PBXNativeTarget section */
		CC67CFD123F1ED5600B6B6D5 /* CommunityGarden */ = {
			isa = PBXNativeTarget;
			buildConfigurationList = CC67CFE623F1ED5700B6B6D5 /* Build configuration list for PBXNativeTarget "CommunityGarden" */;
			buildPhases = (
				CC67CFCE23F1ED5600B6B6D5 /* Sources */,
				CC67CFCF23F1ED5600B6B6D5 /* Frameworks */,
				CC67CFD023F1ED5600B6B6D5 /* Resources */,
			);
			buildRules = (
			);
			dependencies = (
			);
			name = CommunityGarden;
			productName = CommunityGarden;
			productReference = CC67CFD223F1ED5600B6B6D5 /* CommunityGarden.app */;
			productType = "com.apple.product-type.application";
		};
/* End PBXNativeTarget section */

/* Begin PBXProject section */
		CC67CFCA23F1ED5600B6B6D5 /* Project object */ = {
			isa = PBXProject;
			attributes = {
				LastSwiftUpdateCheck = 0920;
				LastUpgradeCheck = 0920;
				ORGANIZATIONNAME = FrankPepps;
				TargetAttributes = {
					CC67CFD123F1ED5600B6B6D5 = {
						CreatedOnToolsVersion = 9.2;
						ProvisioningStyle = Automatic;
					};
				};
			};
			buildConfigurationList = CC67CFCD23F1ED5600B6B6D5 /* Build configuration list for PBXProject "CommunityGarden" */;
			compatibilityVersion = "Xcode 8.0";
			developmentRegion = en;
			hasScannedForEncodings = 0;
			knownRegions = (
				en,
				Base,
			);
			mainGroup = CC67CFC923F1ED5600B6B6D5;
			productRefGroup = CC67CFD323F1ED5600B6B6D5 /* Products */;
			projectDirPath = "";
			projectRoot = "";
			targets = (
				CC67CFD123F1ED5600B6B6D5 /* CommunityGarden */,
			);
		};
/* End PBXProject section */

/* Begin PBXResourcesBuildPhase section */
		CC67CFD023F1ED5600B6B6D5 /* Resources */ = {
			isa = PBXResourcesBuildPhase;
			buildActionMask = 2147483647;
			files = (
				CC67CFD823F1ED5700B6B6D5 /* art.scnassets in Resources */,
				CC67CFE223F1ED5700B6B6D5 /* LaunchScreen.storyboard in Resources */,
				CC67CFDF23F1ED5700B6B6D5 /* Assets.xcassets in Resources */,
				CC67CFDD23F1ED5700B6B6D5 /* Main.storyboard in Resources */,
			);
			runOnlyForDeploymentPostprocessing = 0;
		};
/* End PBXResourcesBuildPhase section */

/* Begin PBXSourcesBuildPhase section */
		CC67CFCE23F1ED5600B6B6D5 /* Sources */ = {
			isa = PBXSourcesBuildPhase;
			buildActionMask = 2147483647;
			files = (
				CC0C2DD42422D4F800392699 /* ARItem.swift in Sources */,
				CC67CFDA23F1ED5700B6B6D5 /* ViewController.swift in Sources */,
				CC67CFD623F1ED5700B6B6D5 /* AppDelegate.swift in Sources */,
				CC0C2DD82422D53E00392699 /* MapViewController.swift in Sources */,
				1D5CF225242595260015671E /* PlantInfoViewController.swift in Sources */,
				CC0C2DD62422D50C00392699 /* MapAnnotation.swift in Sources */,
			);
			runOnlyForDeploymentPostprocessing = 0;
		};
/* End PBXSourcesBuildPhase section */

/* Begin PBXVariantGroup section */
		CC67CFDB23F1ED5700B6B6D5 /* Main.storyboard */ = {
			isa = PBXVariantGroup;
			children = (
				CC67CFDC23F1ED5700B6B6D5 /* Base */,
			);
			name = Main.storyboard;
			sourceTree = "<group>";
		};
		CC67CFE023F1ED5700B6B6D5 /* LaunchScreen.storyboard */ = {
			isa = PBXVariantGroup;
			children = (
				CC67CFE123F1ED5700B6B6D5 /* Base */,
			);
			name = LaunchScreen.storyboard;
			sourceTree = "<group>";
		};
/* End PBXVariantGroup section */

/* Begin XCBuildConfiguration section */
		CC67CFE423F1ED5700B6B6D5 /* Debug */ = {
			isa = XCBuildConfiguration;
			buildSettings = {
				ALWAYS_SEARCH_USER_PATHS = NO;
				CLANG_ANALYZER_NONNULL = YES;
				CLANG_ANALYZER_NUMBER_OBJECT_CONVERSION = YES_AGGRESSIVE;
				CLANG_CXX_LANGUAGE_STANDARD = "gnu++14";
				CLANG_CXX_LIBRARY = "libc++";
				CLANG_ENABLE_MODULES = YES;
				CLANG_ENABLE_OBJC_ARC = YES;
				CLANG_WARN_BLOCK_CAPTURE_AUTORELEASING = YES;
				CLANG_WARN_BOOL_CONVERSION = YES;
				CLANG_WARN_COMMA = YES;
				CLANG_WARN_CONSTANT_CONVERSION = YES;
				CLANG_WARN_DIRECT_OBJC_ISA_USAGE = YES_ERROR;
				CLANG_WARN_DOCUMENTATION_COMMENTS = YES;
				CLANG_WARN_EMPTY_BODY = YES;
				CLANG_WARN_ENUM_CONVERSION = YES;
				CLANG_WARN_INFINITE_RECURSION = YES;
				CLANG_WARN_INT_CONVERSION = YES;
				CLANG_WARN_NON_LITERAL_NULL_CONVERSION = YES;
				CLANG_WARN_OBJC_LITERAL_CONVERSION = YES;
				CLANG_WARN_OBJC_ROOT_CLASS = YES_ERROR;
				CLANG_WARN_RANGE_LOOP_ANALYSIS = YES;
				CLANG_WARN_STRICT_PROTOTYPES = YES;
				CLANG_WARN_SUSPICIOUS_MOVE = YES;
				CLANG_WARN_UNGUARDED_AVAILABILITY = YES_AGGRESSIVE;
				CLANG_WARN_UNREACHABLE_CODE = YES;
				CLANG_WARN__DUPLICATE_METHOD_MATCH = YES;
				CODE_SIGN_IDENTITY = "iPhone Developer";
				COPY_PHASE_STRIP = NO;
				DEBUG_INFORMATION_FORMAT = dwarf;
				ENABLE_STRICT_OBJC_MSGSEND = YES;
				ENABLE_TESTABILITY = YES;
				GCC_C_LANGUAGE_STANDARD = gnu11;
				GCC_DYNAMIC_NO_PIC = NO;
				GCC_NO_COMMON_BLOCKS = YES;
				GCC_OPTIMIZATION_LEVEL = 0;
				GCC_PREPROCESSOR_DEFINITIONS = (
					"DEBUG=1",
					"$(inherited)",
				);
				GCC_WARN_64_TO_32_BIT_CONVERSION = YES;
				GCC_WARN_ABOUT_RETURN_TYPE = YES_ERROR;
				GCC_WARN_UNDECLARED_SELECTOR = YES;
				GCC_WARN_UNINITIALIZED_AUTOS = YES_AGGRESSIVE;
				GCC_WARN_UNUSED_FUNCTION = YES;
				GCC_WARN_UNUSED_VARIABLE = YES;
				IPHONEOS_DEPLOYMENT_TARGET = 11.2;
				MTL_ENABLE_DEBUG_INFO = YES;
				ONLY_ACTIVE_ARCH = YES;
				SDKROOT = iphoneos;
				SWIFT_ACTIVE_COMPILATION_CONDITIONS = DEBUG;
				SWIFT_OPTIMIZATION_LEVEL = "-Onone";
			};
			name = Debug;
		};
		CC67CFE523F1ED5700B6B6D5 /* Release */ = {
			isa = XCBuildConfiguration;
			buildSettings = {
				ALWAYS_SEARCH_USER_PATHS = NO;
				CLANG_ANALYZER_NONNULL = YES;
				CLANG_ANALYZER_NUMBER_OBJECT_CONVERSION = YES_AGGRESSIVE;
				CLANG_CXX_LANGUAGE_STANDARD = "gnu++14";
				CLANG_CXX_LIBRARY = "libc++";
				CLANG_ENABLE_MODULES = YES;
				CLANG_ENABLE_OBJC_ARC = YES;
				CLANG_WARN_BLOCK_CAPTURE_AUTORELEASING = YES;
				CLANG_WARN_BOOL_CONVERSION = YES;
				CLANG_WARN_COMMA = YES;
				CLANG_WARN_CONSTANT_CONVERSION = YES;
				CLANG_WARN_DIRECT_OBJC_ISA_USAGE = YES_ERROR;
				CLANG_WARN_DOCUMENTATION_COMMENTS = YES;
				CLANG_WARN_EMPTY_BODY = YES;
				CLANG_WARN_ENUM_CONVERSION = YES;
				CLANG_WARN_INFINITE_RECURSION = YES;
				CLANG_WARN_INT_CONVERSION = YES;
				CLANG_WARN_NON_LITERAL_NULL_CONVERSION = YES;
				CLANG_WARN_OBJC_LITERAL_CONVERSION = YES;
				CLANG_WARN_OBJC_ROOT_CLASS = YES_ERROR;
				CLANG_WARN_RANGE_LOOP_ANALYSIS = YES;
				CLANG_WARN_STRICT_PROTOTYPES = YES;
				CLANG_WARN_SUSPICIOUS_MOVE = YES;
				CLANG_WARN_UNGUARDED_AVAILABILITY = YES_AGGRESSIVE;
				CLANG_WARN_UNREACHABLE_CODE = YES;
				CLANG_WARN__DUPLICATE_METHOD_MATCH = YES;
				CODE_SIGN_IDENTITY = "iPhone Developer";
				COPY_PHASE_STRIP = NO;
				DEBUG_INFORMATION_FORMAT = "dwarf-with-dsym";
				ENABLE_NS_ASSERTIONS = NO;
				ENABLE_STRICT_OBJC_MSGSEND = YES;
				GCC_C_LANGUAGE_STANDARD = gnu11;
				GCC_NO_COMMON_BLOCKS = YES;
				GCC_WARN_64_TO_32_BIT_CONVERSION = YES;
				GCC_WARN_ABOUT_RETURN_TYPE = YES_ERROR;
				GCC_WARN_UNDECLARED_SELECTOR = YES;
				GCC_WARN_UNINITIALIZED_AUTOS = YES_AGGRESSIVE;
				GCC_WARN_UNUSED_FUNCTION = YES;
				GCC_WARN_UNUSED_VARIABLE = YES;
				IPHONEOS_DEPLOYMENT_TARGET = 11.2;
				MTL_ENABLE_DEBUG_INFO = NO;
				SDKROOT = iphoneos;
				SWIFT_OPTIMIZATION_LEVEL = "-Owholemodule";
				VALIDATE_PRODUCT = YES;
			};
			name = Release;
		};
		CC67CFE723F1ED5700B6B6D5 /* Debug */ = {
			isa = XCBuildConfiguration;
			buildSettings = {
				ASSETCATALOG_COMPILER_APPICON_NAME = AppIcon;
				CODE_SIGN_STYLE = Automatic;
				INFOPLIST_FILE = CommunityGarden/Info.plist;
				LD_RUNPATH_SEARCH_PATHS = "$(inherited) @executable_path/Frameworks";
				PRODUCT_BUNDLE_IDENTIFIER = com.FrankPepps.CommunityGarden;
				PRODUCT_NAME = "$(TARGET_NAME)";
				SWIFT_VERSION = 4.0;
				TARGETED_DEVICE_FAMILY = "1,2";
			};
			name = Debug;
		};
		CC67CFE823F1ED5700B6B6D5 /* Release */ = {
			isa = XCBuildConfiguration;
			buildSettings = {
				ASSETCATALOG_COMPILER_APPICON_NAME = AppIcon;
				CODE_SIGN_STYLE = Automatic;
				INFOPLIST_FILE = CommunityGarden/Info.plist;
				LD_RUNPATH_SEARCH_PATHS = "$(inherited) @executable_path/Frameworks";
				PRODUCT_BUNDLE_IDENTIFIER = com.FrankPepps.CommunityGarden;
				PRODUCT_NAME = "$(TARGET_NAME)";
				SWIFT_VERSION = 4.0;
				TARGETED_DEVICE_FAMILY = "1,2";
			};
			name = Release;
		};
/* End XCBuildConfiguration section */

/* Begin XCConfigurationList section */
		CC67CFCD23F1ED5600B6B6D5 /* Build configuration list for PBXProject "CommunityGarden" */ = {
			isa = XCConfigurationList;
			buildConfigurations = (
				CC67CFE423F1ED5700B6B6D5 /* Debug */,
				CC67CFE523F1ED5700B6B6D5 /* Release */,
			);
			defaultConfigurationIsVisible = 0;
			defaultConfigurationName = Release;
		};
		CC67CFE623F1ED5700B6B6D5 /* Build configuration list for PBXNativeTarget "CommunityGarden" */ = {
			isa = XCConfigurationList;
			buildConfigurations = (
				CC67CFE723F1ED5700B6B6D5 /* Debug */,
				CC67CFE823F1ED5700B6B6D5 /* Release */,
			);
			defaultConfigurationIsVisible = 0;
			defaultConfigurationName = Release;
		};
/* End XCConfigurationList section */
	};
	rootObject = CC67CFCA23F1ED5600B6B6D5 /* Project object */;
}
